
Microsoft Visual Studio Solution File, Format Version 12.00
# Visual Studio Version 17
VisualStudioVersion = 17.9.34902.65
MinimumVisualStudioVersion = 10.0.40219.1
Project("{9A19103F-16F7-4668-BE54-9A1E7A4F7556}") = "NetworkLibrary", "NetworkLibrary.csproj", "{D9444335-395B-4C52-8DC9-DB20FCD0399C}"
EndProject
Global
	GlobalSection(SolutionConfigurationPlatforms) = preSolution
		Debug|Any CPU = Debug|Any CPU
		Release|Any CPU = Release|Any CPU
	EndGlobalSection
	GlobalSection(ProjectConfigurationPlatforms) = postSolution
		{D9444335-395B-4C52-8DC9-DB20FCD0399C}.Debug|Any CPU.ActiveCfg = Debug|Any CPU
		{D9444335-395B-4C52-8DC9-DB20FCD0399C}.Debug|Any CPU.Build.0 = Debug|Any CPU
		{D9444335-395B-4C52-8DC9-DB20FCD0399C}.Release|Any CPU.ActiveCfg = Release|Any CPU
		{D9444335-395B-4C52-8DC9-DB20FCD0399C}.Release|Any CPU.Build.0 = Release|Any CPU
	EndGlobalSection
	GlobalSection(SolutionProperties) = preSolution
		HideSolutionNode = FALSE
	EndGlobalSection
	GlobalSection(ExtensibilityGlobals) = postSolution
		SolutionGuid = {55FB7928-1BA5-400C-A3B2-A720B3C5F043}
	EndGlobalSection
EndGlobal
