
Microsoft Visual Studio Solution File, Format Version 12.00
# Visual Studio Version 17
VisualStudioVersion = 17.5.33424.131
MinimumVisualStudioVersion = 10.0.40219.1
Project("{9A19103F-16F7-4668-BE54-9A1E7A4F7556}") = "NetWorkLibrary", "NetWorkLibrary\NetWorkLibrary.csproj", "{1ECB40E5-83B3-4317-84D3-2C9CAB534A62}"
EndProject
Project("{9A19103F-16F7-4668-BE54-9A1E7A4F7556}") = "ServerSample", "NetworkSample\ServerSample.csproj", "{7E39EC25-0006-4579-9553-447BC9723572}"
EndProject
Project("{9A19103F-16F7-4668-BE54-9A1E7A4F7556}") = "ClientSample", "ClientSample\ClientSample.csproj", "{37CFD1AC-202B-4983-87CA-B0342F9F1953}"
EndProject
Project("{FAE04EC0-301F-11D3-BF4B-00C04F79EFBC}") = "UnityNetWorkLibrary", "UnityNetWorkLibrary\UnityNetWorkLibrary.csproj", "{D1803BCB-E2E2-45A5-A943-260077C0AC3D}"
EndProject
Global
	GlobalSection(SolutionConfigurationPlatforms) = preSolution
		Debug|Any CPU = Debug|Any CPU
		Release|Any CPU = Release|Any CPU
	EndGlobalSection
	GlobalSection(ProjectConfigurationPlatforms) = postSolution
		{1ECB40E5-83B3-4317-84D3-2C9CAB534A62}.Debug|Any CPU.ActiveCfg = Debug|Any CPU
		{1ECB40E5-83B3-4317-84D3-2C9CAB534A62}.Debug|Any CPU.Build.0 = Debug|Any CPU
		{1ECB40E5-83B3-4317-84D3-2C9CAB534A62}.Release|Any CPU.ActiveCfg = Release|Any CPU
		{1ECB40E5-83B3-4317-84D3-2C9CAB534A62}.Release|Any CPU.Build.0 = Release|Any CPU
		{7E39EC25-0006-4579-9553-447BC9723572}.Debug|Any CPU.ActiveCfg = Debug|Any CPU
		{7E39EC25-0006-4579-9553-447BC9723572}.Debug|Any CPU.Build.0 = Debug|Any CPU
		{7E39EC25-0006-4579-9553-447BC9723572}.Release|Any CPU.ActiveCfg = Release|Any CPU
		{7E39EC25-0006-4579-9553-447BC9723572}.Release|Any CPU.Build.0 = Release|Any CPU
		{37CFD1AC-202B-4983-87CA-B0342F9F1953}.Debug|Any CPU.ActiveCfg = Debug|Any CPU
		{37CFD1AC-202B-4983-87CA-B0342F9F1953}.Debug|Any CPU.Build.0 = Debug|Any CPU
		{37CFD1AC-202B-4983-87CA-B0342F9F1953}.Release|Any CPU.ActiveCfg = Release|Any CPU
		{37CFD1AC-202B-4983-87CA-B0342F9F1953}.Release|Any CPU.Build.0 = Release|Any CPU
		{D1803BCB-E2E2-45A5-A943-260077C0AC3D}.Debug|Any CPU.ActiveCfg = Debug|Any CPU
		{D1803BCB-E2E2-45A5-A943-260077C0AC3D}.Debug|Any CPU.Build.0 = Debug|Any CPU
		{D1803BCB-E2E2-45A5-A943-260077C0AC3D}.Release|Any CPU.ActiveCfg = Release|Any CPU
		{D1803BCB-E2E2-45A5-A943-260077C0AC3D}.Release|Any CPU.Build.0 = Release|Any CPU
	EndGlobalSection
	GlobalSection(SolutionProperties) = preSolution
		HideSolutionNode = FALSE
	EndGlobalSection
	GlobalSection(ExtensibilityGlobals) = postSolution
		SolutionGuid = {712269E4-1357-47D5-9530-735FEE727EBA}
	EndGlobalSection
EndGlobal
